{
  "nodes": {
    "home-manager": {
      "inputs": {
        "nixpkgs": [
          "nixpkgs"
        ]
      },
      "locked": {
        "lastModified": 1762041416,
        "narHash": "sha256-rmJKABRXnhFjjI6RB/MnEvLTQa569zu684Th9y6UlOI=",
        "owner": "nix-community",
        "repo": "home-manager",
        "rev": "c0016dd14773f4ca0b467b74c7cdcc501570df4b",
        "type": "github"
      },
      "original": {
        "owner": "nix-community",
        "repo": "home-manager",
        "type": "github"
      }
    },
    "nix-dotfiles": {
      "flake": false,
      "locked": {
        "lastModified": 1761850495,
        "narHash": "sha256-BbqdQ1+4tFq8k/oGdfP0+0Zn4hF2WOEZ5tjyizROdPk=",
        "ref": "main",
        "rev": "b5084e2d8af1e289ccf99eaa96b62635002c9024",
        "shallow": true,
        "type": "git",
        "url": "ssh://forgejo@git.andi242.dedyn.io:2222/ad/dotfiles.git"
      },
      "original": {
        "ref": "main",
        "shallow": true,
        "type": "git",
        "url": "ssh://forgejo@git.andi242.dedyn.io:2222/ad/dotfiles.git"
      }
    },
    "nixpkgs": {
      "locked": {
        "lastModified": 1761907660,
        "narHash": "sha256-kJ8lIZsiPOmbkJypG+B5sReDXSD1KGu2VEPNqhRa/ew=",
        "owner": "NixOS",
        "repo": "nixpkgs",
        "rev": "2fb006b87f04c4d3bdf08cfdbc7fab9c13d94a15",
        "type": "github"
      },
      "original": {
        "id": "nixpkgs",
        "ref": "nixos-unstable",
        "type": "indirect"
      }
    },
    "root": {
      "inputs": {
        "home-manager": "home-manager",
        "nix-dotfiles": "nix-dotfiles",
        "nixpkgs": "nixpkgs"
      }
    }
  },
  "root": "root",
  "version": 7
}
