{
  "nodes": {
    "home-manager": {
      "inputs": {
        "nixpkgs": [
          "nixpkgs"
        ]
      },
      "locked": {
        "lastModified": 1761468550,
        "narHash": "sha256-nY4vyN1QdHhC5Gj3545fI2Y7FSr/gs8ID4gPmF8HPww=",
        "owner": "nix-community",
        "repo": "home-manager",
        "rev": "1830716059bfee7cbcfbfcc38d7be98e482a5762",
        "type": "github"
      },
      "original": {
        "owner": "nix-community",
        "repo": "home-manager",
        "type": "github"
      }
    },
    "nix-dotfiles": {
      "flake": false,
      "locked": {
        "lastModified": 1761249852,
        "narHash": "sha256-0EBwk9303zbmV0y1W7y23VmwItjImSN3FTeumvMVrpA=",
        "ref": "main",
        "rev": "f9afd64dc60be2173a63c8037bac7aec9e226aff",
        "shallow": true,
        "type": "git",
        "url": "ssh://forgejo@git.andi242.dedyn.io:2222/ad/dotfiles.git"
      },
      "original": {
        "ref": "main",
        "shallow": true,
        "type": "git",
        "url": "ssh://forgejo@git.andi242.dedyn.io:2222/ad/dotfiles.git"
      }
    },
    "nix-secrets": {
      "flake": false,
      "locked": {
        "lastModified": 1756227042,
        "narHash": "sha256-uwKwTAAwEzN/CzQHV2YAr6IdwbcivxIuHjCZ/YB0adA=",
        "ref": "main",
        "rev": "559baf0f618306d5160b21ad9d8fb97cf548cc1a",
        "shallow": true,
        "type": "git",
        "url": "ssh://forgejo@git.andi242.dedyn.io:2222/ad/nixos-secrets.git"
      },
      "original": {
        "ref": "main",
        "shallow": true,
        "type": "git",
        "url": "ssh://forgejo@git.andi242.dedyn.io:2222/ad/nixos-secrets.git"
      }
    },
    "nixpkgs": {
      "locked": {
        "lastModified": 1761114652,
        "narHash": "sha256-f/QCJM/YhrV/lavyCVz8iU3rlZun6d+dAiC3H+CDle4=",
        "owner": "NixOS",
        "repo": "nixpkgs",
        "rev": "01f116e4df6a15f4ccdffb1bcd41096869fb385c",
        "type": "github"
      },
      "original": {
        "id": "nixpkgs",
        "ref": "nixos-unstable",
        "type": "indirect"
      }
    },
    "root": {
      "inputs": {
        "home-manager": "home-manager",
        "nix-dotfiles": "nix-dotfiles",
        "nix-secrets": "nix-secrets",
        "nixpkgs": "nixpkgs",
        "sops-nix": "sops-nix"
      }
    },
    "sops-nix": {
      "inputs": {
        "nixpkgs": [
          "nixpkgs"
        ]
      },
      "locked": {
        "lastModified": 1760998189,
        "narHash": "sha256-ee2e1/AeGL5X8oy/HXsZQvZnae6XfEVdstGopKucYLY=",
        "owner": "Mic92",
        "repo": "sops-nix",
        "rev": "5a7d18b5c55642df5c432aadb757140edfeb70b3",
        "type": "github"
      },
      "original": {
        "owner": "Mic92",
        "repo": "sops-nix",
        "type": "github"
      }
    }
  },
  "root": "root",
  "version": 7
}
